
Microsoft Visual Studio Solution File, Format Version 12.00
Project("{FAE04EC0-301F-11D3-BF4B-00C04F79EFBC}") = "UpperConfidenceBound", "UpperConfidenceBound\UpperConfidenceBound.csproj", "{312DCEDF-735B-4B6A-8B4E-B3BDBF68956C}"
EndProject
Global
	GlobalSection(SolutionConfigurationPlatforms) = preSolution
		Debug|Any CPU = Debug|Any CPU
		Release|Any CPU = Release|Any CPU
	EndGlobalSection
	GlobalSection(ProjectConfigurationPlatforms) = postSolution
		{312DCEDF-735B-4B6A-8B4E-B3BDBF68956C}.Debug|Any CPU.ActiveCfg = Debug|Any CPU
		{312DCEDF-735B-4B6A-8B4E-B3BDBF68956C}.Debug|Any CPU.Build.0 = Debug|Any CPU
		{312DCEDF-735B-4B6A-8B4E-B3BDBF68956C}.Release|Any CPU.ActiveCfg = Release|Any CPU
		{312DCEDF-735B-4B6A-8B4E-B3BDBF68956C}.Release|Any CPU.Build.0 = Release|Any CPU
	EndGlobalSection
EndGlobal
